// !$*UTF8*$!
{
	archiveVersion = 1;
	classes = {
	};
	objectVersion = 56;
	objects = {

/* Begin PBXBuildFile section */
		9D023C722AA24CCD00045180 /* Dynamic in Frameworks */ = {isa = PBXBuildFile; productRef = 9D023C712AA24CCD00045180 /* Dynamic */; };
		9D023C782AA251B700045180 /* MRNowPlaying.swift in Sources */ = {isa = PBXBuildFile; fileRef = 9D023C772AA251B700045180 /* MRNowPlaying.swift */; };
		9D2903662AAC2CEE0045349E /* AppDelegate.swift in Sources */ = {isa = PBXBuildFile; fileRef = 9D2903652AAC2CEE0045349E /* AppDelegate.swift */; };
		9D93C37B2AA11CD1005AA045 /* Spotify_Now_PlayingApp.swift in Sources */ = {isa = PBXBuildFile; fileRef = 9D93C37A2AA11CD1005AA045 /* Spotify_Now_PlayingApp.swift */; };
		9D93C37D2AA11CD1005AA045 /* ContentView.swift in Sources */ = {isa = PBXBuildFile; fileRef = 9D93C37C2AA11CD1005AA045 /* ContentView.swift */; };
		9D93C37F2AA11CD3005AA045 /* Assets.xcassets in Resources */ = {isa = PBXBuildFile; fileRef = 9D93C37E2AA11CD3005AA045 /* Assets.xcassets */; };
		9D93C3822AA11CD3005AA045 /* Preview Assets.xcassets in Resources */ = {isa = PBXBuildFile; fileRef = 9D93C3812AA11CD3005AA045 /* Preview Assets.xcassets */; };
		9D93C38B2AA11D4D005AA045 /* MenuView.swift in Sources */ = {isa = PBXBuildFile; fileRef = 9D93C38A2AA11D4D005AA045 /* MenuView.swift */; };
		9DC748662AB209EF0065032B /* SpotifyAPI.swift in Sources */ = {isa = PBXBuildFile; fileRef = 9DC748652AB209EF0065032B /* SpotifyAPI.swift */; };
/* End PBXBuildFile section */

/* Begin PBXFileReference section */
		9D023C772AA251B700045180 /* MRNowPlaying.swift */ = {isa = PBXFileReference; lastKnownFileType = sourcecode.swift; path = MRNowPlaying.swift; sourceTree = "<group>"; };
		9D2903652AAC2CEE0045349E /* AppDelegate.swift */ = {isa = PBXFileReference; lastKnownFileType = sourcecode.swift; path = AppDelegate.swift; sourceTree = "<group>"; };
		9D93C3772AA11CD1005AA045 /* Spotify Now Playing.app */ = {isa = PBXFileReference; explicitFileType = wrapper.application; includeInIndex = 0; path = "Spotify Now Playing.app"; sourceTree = BUILT_PRODUCTS_DIR; };
		9D93C37A2AA11CD1005AA045 /* Spotify_Now_PlayingApp.swift */ = {isa = PBXFileReference; lastKnownFileType = sourcecode.swift; path = Spotify_Now_PlayingApp.swift; sourceTree = "<group>"; };
		9D93C37C2AA11CD1005AA045 /* ContentView.swift */ = {isa = PBXFileReference; lastKnownFileType = sourcecode.swift; path = ContentView.swift; sourceTree = "<group>"; };
		9D93C37E2AA11CD3005AA045 /* Assets.xcassets */ = {isa = PBXFileReference; lastKnownFileType = folder.assetcatalog; path = Assets.xcassets; sourceTree = "<group>"; };
		9D93C3812AA11CD3005AA045 /* Preview Assets.xcassets */ = {isa = PBXFileReference; lastKnownFileType = folder.assetcatalog; path = "Preview Assets.xcassets"; sourceTree = "<group>"; };
		9D93C3832AA11CD3005AA045 /* Spotify_Now_Playing.entitlements */ = {isa = PBXFileReference; lastKnownFileType = text.plist.entitlements; path = Spotify_Now_Playing.entitlements; sourceTree = "<group>"; };
		9D93C38A2AA11D4D005AA045 /* MenuView.swift */ = {isa = PBXFileReference; lastKnownFileType = sourcecode.swift; path = MenuView.swift; sourceTree = "<group>"; };
		9DC748652AB209EF0065032B /* SpotifyAPI.swift */ = {isa = PBXFileReference; lastKnownFileType = sourcecode.swift; path = SpotifyAPI.swift; sourceTree = "<group>"; };
/* End PBXFileReference section */

/* Begin PBXFrameworksBuildPhase section */
		9D93C3742AA11CD1005AA045 /* Frameworks */ = {
			isa = PBXFrameworksBuildPhase;
			buildActionMask = 2147483647;
			files = (
				9D023C722AA24CCD00045180 /* Dynamic in Frameworks */,
			);
			runOnlyForDeploymentPostprocessing = 0;
		};
/* End PBXFrameworksBuildPhase section */

/* Begin PBXGroup section */
		9D023C762AA2518600045180 /* Tools */ = {
			isa = PBXGroup;
			children = (
				9D023C772AA251B700045180 /* MRNowPlaying.swift */,
				9DC748652AB209EF0065032B /* SpotifyAPI.swift */,
			);
			path = Tools;
			sourceTree = "<group>";
		};
		9D2903692AAC316D0045349E /* Controllers */ = {
			isa = PBXGroup;
			children = (
				9D2903652AAC2CEE0045349E /* AppDelegate.swift */,
			);
			path = Controllers;
			sourceTree = "<group>";
		};
		9D93C36E2AA11CD1005AA045 = {
			isa = PBXGroup;
			children = (
				9D93C3792AA11CD1005AA045 /* Spotify Now Playing */,
				9D93C3782AA11CD1005AA045 /* Products */,
			);
			sourceTree = "<group>";
		};
		9D93C3782AA11CD1005AA045 /* Products */ = {
			isa = PBXGroup;
			children = (
				9D93C3772AA11CD1005AA045 /* Spotify Now Playing.app */,
			);
			name = Products;
			sourceTree = "<group>";
		};
		9D93C3792AA11CD1005AA045 /* Spotify Now Playing */ = {
			isa = PBXGroup;
			children = (
				9D2903692AAC316D0045349E /* Controllers */,
				9D93C37A2AA11CD1005AA045 /* Spotify_Now_PlayingApp.swift */,
				9D023C762AA2518600045180 /* Tools */,
				9D93C3892AA11D39005AA045 /* Views */,
				9D93C37E2AA11CD3005AA045 /* Assets.xcassets */,
				9D93C3832AA11CD3005AA045 /* Spotify_Now_Playing.entitlements */,
				9D93C3802AA11CD3005AA045 /* Preview Content */,
			);
			path = "Spotify Now Playing";
			sourceTree = "<group>";
		};
		9D93C3802AA11CD3005AA045 /* Preview Content */ = {
			isa = PBXGroup;
			children = (
				9D93C3812AA11CD3005AA045 /* Preview Assets.xcassets */,
			);
			path = "Preview Content";
			sourceTree = "<group>";
		};
		9D93C3892AA11D39005AA045 /* Views */ = {
			isa = PBXGroup;
			children = (
				9D93C37C2AA11CD1005AA045 /* ContentView.swift */,
				9D93C38A2AA11D4D005AA045 /* MenuView.swift */,
			);
			path = Views;
			sourceTree = "<group>";
		};
/* End PBXGroup section */

/* Begin PBXNativeTarget section */
		9D93C3762AA11CD1005AA045 /* Spotify Now Playing */ = {
			isa = PBXNativeTarget;
			buildConfigurationList = 9D93C3862AA11CD3005AA045 /* Build configuration list for PBXNativeTarget "Spotify Now Playing" */;
			buildPhases = (
				9D93C3732AA11CD1005AA045 /* Sources */,
				9D93C3742AA11CD1005AA045 /* Frameworks */,
				9D93C3752AA11CD1005AA045 /* Resources */,
			);
			buildRules = (
			);
			dependencies = (
			);
			name = "Spotify Now Playing";
			packageProductDependencies = (
				9D023C712AA24CCD00045180 /* Dynamic */,
			);
			productName = "Spotify Now Playing";
			productReference = 9D93C3772AA11CD1005AA045 /* Spotify Now Playing.app */;
			productType = "com.apple.product-type.application";
		};
/* End PBXNativeTarget section */

/* Begin PBXProject section */
		9D93C36F2AA11CD1005AA045 /* Project object */ = {
			isa = PBXProject;
			attributes = {
				BuildIndependentTargetsInParallel = 1;
				LastSwiftUpdateCheck = 1430;
				LastUpgradeCheck = 1430;
				TargetAttributes = {
					9D93C3762AA11CD1005AA045 = {
						CreatedOnToolsVersion = 14.3.1;
					};
				};
			};
			buildConfigurationList = 9D93C3722AA11CD1005AA045 /* Build configuration list for PBXProject "Spotify Now Playing" */;
			compatibilityVersion = "Xcode 14.0";
			developmentRegion = en;
			hasScannedForEncodings = 0;
			knownRegions = (
				en,
				Base,
			);
			mainGroup = 9D93C36E2AA11CD1005AA045;
			packageReferences = (
				9D023C702AA24CCD00045180 /* XCRemoteSwiftPackageReference "Dynamic" */,
			);
			productRefGroup = 9D93C3782AA11CD1005AA045 /* Products */;
			projectDirPath = "";
			projectRoot = "";
			targets = (
				9D93C3762AA11CD1005AA045 /* Spotify Now Playing */,
			);
		};
/* End PBXProject section */

/* Begin PBXResourcesBuildPhase section */
		9D93C3752AA11CD1005AA045 /* Resources */ = {
			isa = PBXResourcesBuildPhase;
			buildActionMask = 2147483647;
			files = (
				9D93C3822AA11CD3005AA045 /* Preview Assets.xcassets in Resources */,
				9D93C37F2AA11CD3005AA045 /* Assets.xcassets in Resources */,
			);
			runOnlyForDeploymentPostprocessing = 0;
		};
/* End PBXResourcesBuildPhase section */

/* Begin PBXSourcesBuildPhase section */
		9D93C3732AA11CD1005AA045 /* Sources */ = {
			isa = PBXSourcesBuildPhase;
			buildActionMask = 2147483647;
			files = (
				9D2903662AAC2CEE0045349E /* AppDelegate.swift in Sources */,
				9D023C782AA251B700045180 /* MRNowPlaying.swift in Sources */,
				9D93C37D2AA11CD1005AA045 /* ContentView.swift in Sources */,
				9DC748662AB209EF0065032B /* SpotifyAPI.swift in Sources */,
				9D93C38B2AA11D4D005AA045 /* MenuView.swift in Sources */,
				9D93C37B2AA11CD1005AA045 /* Spotify_Now_PlayingApp.swift in Sources */,
			);
			runOnlyForDeploymentPostprocessing = 0;
		};
/* End PBXSourcesBuildPhase section */

/* Begin XCBuildConfiguration section */
		9D93C3842AA11CD3005AA045 /* Debug */ = {
			isa = XCBuildConfiguration;
			buildSettings = {
				ALWAYS_SEARCH_USER_PATHS = NO;
				CLANG_ANALYZER_NONNULL = YES;
				CLANG_ANALYZER_NUMBER_OBJECT_CONVERSION = YES_AGGRESSIVE;
				CLANG_CXX_LANGUAGE_STANDARD = "gnu++20";
				CLANG_ENABLE_MODULES = YES;
				CLANG_ENABLE_OBJC_ARC = YES;
				CLANG_ENABLE_OBJC_WEAK = YES;
				CLANG_WARN_BLOCK_CAPTURE_AUTORELEASING = YES;
				CLANG_WARN_BOOL_CONVERSION = YES;
				CLANG_WARN_COMMA = YES;
				CLANG_WARN_CONSTANT_CONVERSION = YES;
				CLANG_WARN_DEPRECATED_OBJC_IMPLEMENTATIONS = YES;
				CLANG_WARN_DIRECT_OBJC_ISA_USAGE = YES_ERROR;
				CLANG_WARN_DOCUMENTATION_COMMENTS = YES;
				CLANG_WARN_EMPTY_BODY = YES;
				CLANG_WARN_ENUM_CONVERSION = YES;
				CLANG_WARN_INFINITE_RECURSION = YES;
				CLANG_WARN_INT_CONVERSION = YES;
				CLANG_WARN_NON_LITERAL_NULL_CONVERSION = YES;
				CLANG_WARN_OBJC_IMPLICIT_RETAIN_SELF = YES;
				CLANG_WARN_OBJC_LITERAL_CONVERSION = YES;
				CLANG_WARN_OBJC_ROOT_CLASS = YES_ERROR;
				CLANG_WARN_QUOTED_INCLUDE_IN_FRAMEWORK_HEADER = YES;
				CLANG_WARN_RANGE_LOOP_ANALYSIS = YES;
				CLANG_WARN_STRICT_PROTOTYPES = YES;
				CLANG_WARN_SUSPICIOUS_MOVE = YES;
				CLANG_WARN_UNGUARDED_AVAILABILITY = YES_AGGRESSIVE;
				CLANG_WARN_UNREACHABLE_CODE = YES;
				CLANG_WARN__DUPLICATE_METHOD_MATCH = YES;
				COPY_PHASE_STRIP = NO;
				DEBUG_INFORMATION_FORMAT = dwarf;
				ENABLE_STRICT_OBJC_MSGSEND = YES;
				ENABLE_TESTABILITY = YES;
				GCC_C_LANGUAGE_STANDARD = gnu11;
				GCC_DYNAMIC_NO_PIC = NO;
				GCC_NO_COMMON_BLOCKS = YES;
				GCC_OPTIMIZATION_LEVEL = 0;
				GCC_PREPROCESSOR_DEFINITIONS = (
					"DEBUG=1",
					"$(inherited)",
				);
				GCC_WARN_64_TO_32_BIT_CONVERSION = YES;
				GCC_WARN_ABOUT_RETURN_TYPE = YES_ERROR;
				GCC_WARN_UNDECLARED_SELECTOR = YES;
				GCC_WARN_UNINITIALIZED_AUTOS = YES_AGGRESSIVE;
				GCC_WARN_UNUSED_FUNCTION = YES;
				GCC_WARN_UNUSED_VARIABLE = YES;
				MACOSX_DEPLOYMENT_TARGET = 13.3;
				MTL_ENABLE_DEBUG_INFO = INCLUDE_SOURCE;
				MTL_FAST_MATH = YES;
				ONLY_ACTIVE_ARCH = YES;
				SDKROOT = macosx;
				SWIFT_ACTIVE_COMPILATION_CONDITIONS = DEBUG;
				SWIFT_OPTIMIZATION_LEVEL = "-Onone";
				SWIFT_VERSION = 5.0;
			};
			name = Debug;
		};
		9D93C3852AA11CD3005AA045 /* Release */ = {
			isa = XCBuildConfiguration;
			buildSettings = {
				ALWAYS_SEARCH_USER_PATHS = NO;
				CLANG_ANALYZER_NONNULL = YES;
				CLANG_ANALYZER_NUMBER_OBJECT_CONVERSION = YES_AGGRESSIVE;
				CLANG_CXX_LANGUAGE_STANDARD = "gnu++20";
				CLANG_ENABLE_MODULES = YES;
				CLANG_ENABLE_OBJC_ARC = YES;
				CLANG_ENABLE_OBJC_WEAK = YES;
				CLANG_WARN_BLOCK_CAPTURE_AUTORELEASING = YES;
				CLANG_WARN_BOOL_CONVERSION = YES;
				CLANG_WARN_COMMA = YES;
				CLANG_WARN_CONSTANT_CONVERSION = YES;
				CLANG_WARN_DEPRECATED_OBJC_IMPLEMENTATIONS = YES;
				CLANG_WARN_DIRECT_OBJC_ISA_USAGE = YES_ERROR;
				CLANG_WARN_DOCUMENTATION_COMMENTS = YES;
				CLANG_WARN_EMPTY_BODY = YES;
				CLANG_WARN_ENUM_CONVERSION = YES;
				CLANG_WARN_INFINITE_RECURSION = YES;
				CLANG_WARN_INT_CONVERSION = YES;
				CLANG_WARN_NON_LITERAL_NULL_CONVERSION = YES;
				CLANG_WARN_OBJC_IMPLICIT_RETAIN_SELF = YES;
				CLANG_WARN_OBJC_LITERAL_CONVERSION = YES;
				CLANG_WARN_OBJC_ROOT_CLASS = YES_ERROR;
				CLANG_WARN_QUOTED_INCLUDE_IN_FRAMEWORK_HEADER = YES;
				CLANG_WARN_RANGE_LOOP_ANALYSIS = YES;
				CLANG_WARN_STRICT_PROTOTYPES = YES;
				CLANG_WARN_SUSPICIOUS_MOVE = YES;
				CLANG_WARN_UNGUARDED_AVAILABILITY = YES_AGGRESSIVE;
				CLANG_WARN_UNREACHABLE_CODE = YES;
				CLANG_WARN__DUPLICATE_METHOD_MATCH = YES;
				COPY_PHASE_STRIP = NO;
				DEBUG_INFORMATION_FORMAT = "dwarf-with-dsym";
				ENABLE_NS_ASSERTIONS = NO;
				ENABLE_STRICT_OBJC_MSGSEND = YES;
				GCC_C_LANGUAGE_STANDARD = gnu11;
				GCC_NO_COMMON_BLOCKS = YES;
				GCC_WARN_64_TO_32_BIT_CONVERSION = YES;
				GCC_WARN_ABOUT_RETURN_TYPE = YES_ERROR;
				GCC_WARN_UNDECLARED_SELECTOR = YES;
				GCC_WARN_UNINITIALIZED_AUTOS = YES_AGGRESSIVE;
				GCC_WARN_UNUSED_FUNCTION = YES;
				GCC_WARN_UNUSED_VARIABLE = YES;
				MACOSX_DEPLOYMENT_TARGET = 13.3;
				MTL_ENABLE_DEBUG_INFO = NO;
				MTL_FAST_MATH = YES;
				SDKROOT = macosx;
				SWIFT_COMPILATION_MODE = wholemodule;
				SWIFT_OPTIMIZATION_LEVEL = "-O";
				SWIFT_VERSION = 5.0;
			};
			name = Release;
		};
		9D93C3872AA11CD3005AA045 /* Debug */ = {
			isa = XCBuildConfiguration;
			buildSettings = {
				ASSETCATALOG_COMPILER_APPICON_NAME = AppIcon;
				ASSETCATALOG_COMPILER_GLOBAL_ACCENT_COLOR_NAME = AccentColor;
				CODE_SIGN_ENTITLEMENTS = "Spotify Now Playing/Spotify_Now_Playing.entitlements";
				CODE_SIGN_STYLE = Automatic;
				COMBINE_HIDPI_IMAGES = YES;
				CURRENT_PROJECT_VERSION = 1;
				DEVELOPMENT_ASSET_PATHS = "\"Spotify Now Playing/Preview Content\"";
				DEVELOPMENT_TEAM = 7KXA6QNWY6;
				ENABLE_HARDENED_RUNTIME = YES;
				ENABLE_PREVIEWS = YES;
				GENERATE_INFOPLIST_FILE = YES;
				INFOPLIST_KEY_CFBundleDisplayName = "Spotify Now Playing";
				INFOPLIST_KEY_LSApplicationCategoryType = "public.app-category.productivity";
				INFOPLIST_KEY_NSHumanReadableCopyright = "";
				LD_RUNPATH_SEARCH_PATHS = (
					"$(inherited)",
					"@executable_path/../Frameworks",
				);
				MARKETING_VERSION = 1.0;
				PRODUCT_BUNDLE_IDENTIFIER = "chaseCrampton.Spotify-Now-Playing";
				PRODUCT_NAME = "$(TARGET_NAME)";
				SWIFT_EMIT_LOC_STRINGS = YES;
				SWIFT_VERSION = 5.0;
			};
			name = Debug;
		};
		9D93C3882AA11CD3005AA045 /* Release */ = {
			isa = XCBuildConfiguration;
			buildSettings = {
				ASSETCATALOG_COMPILER_APPICON_NAME = AppIcon;
				ASSETCATALOG_COMPILER_GLOBAL_ACCENT_COLOR_NAME = AccentColor;
				CODE_SIGN_ENTITLEMENTS = "Spotify Now Playing/Spotify_Now_Playing.entitlements";
				CODE_SIGN_STYLE = Automatic;
				COMBINE_HIDPI_IMAGES = YES;
				CURRENT_PROJECT_VERSION = 1;
				DEVELOPMENT_ASSET_PATHS = "\"Spotify Now Playing/Preview Content\"";
				DEVELOPMENT_TEAM = 7KXA6QNWY6;
				ENABLE_HARDENED_RUNTIME = YES;
				ENABLE_PREVIEWS = YES;
				GENERATE_INFOPLIST_FILE = YES;
				INFOPLIST_KEY_CFBundleDisplayName = "Spotify Now Playing";
				INFOPLIST_KEY_LSApplicationCategoryType = "public.app-category.productivity";
				INFOPLIST_KEY_NSHumanReadableCopyright = "";
				LD_RUNPATH_SEARCH_PATHS = (
					"$(inherited)",
					"@executable_path/../Frameworks",
				);
				MARKETING_VERSION = 1.0;
				PRODUCT_BUNDLE_IDENTIFIER = "chaseCrampton.Spotify-Now-Playing";
				PRODUCT_NAME = "$(TARGET_NAME)";
				SWIFT_EMIT_LOC_STRINGS = YES;
				SWIFT_VERSION = 5.0;
			};
			name = Release;
		};
/* End XCBuildConfiguration section */

/* Begin XCConfigurationList section */
		9D93C3722AA11CD1005AA045 /* Build configuration list for PBXProject "Spotify Now Playing" */ = {
			isa = XCConfigurationList;
			buildConfigurations = (
				9D93C3842AA11CD3005AA045 /* Debug */,
				9D93C3852AA11CD3005AA045 /* Release */,
			);
			defaultConfigurationIsVisible = 0;
			defaultConfigurationName = Release;
		};
		9D93C3862AA11CD3005AA045 /* Build configuration list for PBXNativeTarget "Spotify Now Playing" */ = {
			isa = XCConfigurationList;
			buildConfigurations = (
				9D93C3872AA11CD3005AA045 /* Debug */,
				9D93C3882AA11CD3005AA045 /* Release */,
			);
			defaultConfigurationIsVisible = 0;
			defaultConfigurationName = Release;
		};
/* End XCConfigurationList section */

/* Begin XCRemoteSwiftPackageReference section */
		9D023C702AA24CCD00045180 /* XCRemoteSwiftPackageReference "Dynamic" */ = {
			isa = XCRemoteSwiftPackageReference;
			repositoryURL = "https://github.com/mhdhejazi/Dynamic.git";
			requirement = {
				branch = master;
				kind = branch;
			};
		};
/* End XCRemoteSwiftPackageReference section */

/* Begin XCSwiftPackageProductDependency section */
		9D023C712AA24CCD00045180 /* Dynamic */ = {
			isa = XCSwiftPackageProductDependency;
			package = 9D023C702AA24CCD00045180 /* XCRemoteSwiftPackageReference "Dynamic" */;
			productName = Dynamic;
		};
/* End XCSwiftPackageProductDependency section */
	};
	rootObject = 9D93C36F2AA11CD1005AA045 /* Project object */;
}
